
Microsoft Visual Studio Solution File, Format Version 12.00
# Visual Studio Version 16
VisualStudioVersion = 16.0.29911.84
MinimumVisualStudioVersion = 10.0.40219.1
Project("{FAE04EC0-301F-11D3-BF4B-00C04F79EFBC}") = "Peran Bagian MVC", "Peran Bagian MVC\Peran Bagian MVC.csproj", "{53738281-DD99-40FB-85DE-4852D25E1397}"
EndProject
Global
	GlobalSection(SolutionConfigurationPlatforms) = preSolution
		Debug|Any CPU = Debug|Any CPU
		Release|Any CPU = Release|Any CPU
	EndGlobalSection
	GlobalSection(ProjectConfigurationPlatforms) = postSolution
		{53738281-DD99-40FB-85DE-4852D25E1397}.Debug|Any CPU.ActiveCfg = Debug|Any CPU
		{53738281-DD99-40FB-85DE-4852D25E1397}.Debug|Any CPU.Build.0 = Debug|Any CPU
		{53738281-DD99-40FB-85DE-4852D25E1397}.Release|Any CPU.ActiveCfg = Release|Any CPU
		{53738281-DD99-40FB-85DE-4852D25E1397}.Release|Any CPU.Build.0 = Release|Any CPU
	EndGlobalSection
	GlobalSection(SolutionProperties) = preSolution
		HideSolutionNode = FALSE
	EndGlobalSection
	GlobalSection(ExtensibilityGlobals) = postSolution
		SolutionGuid = {661152D0-7D5C-4039-BEDD-1FF47AB9EBEE}
	EndGlobalSection
EndGlobal
